
Microsoft Visual Studio Solution File, Format Version 12.00
# Visual Studio Version 17
VisualStudioVersion = 17.11.35219.272
MinimumVisualStudioVersion = 10.0.40219.1
Project("{FAE04EC0-301F-11D3-BF4B-00C04F79EFBC}") = "WPF_DB_GestionPedidos", "WPF_DB_GestionPedidos.csproj", "{8C4844FA-A1A5-447D-A72F-88DD503FB1A1}"
EndProject
Global
	GlobalSection(SolutionConfigurationPlatforms) = preSolution
		Debug|Any CPU = Debug|Any CPU
		Release|Any CPU = Release|Any CPU
	EndGlobalSection
	GlobalSection(ProjectConfigurationPlatforms) = postSolution
		{8C4844FA-A1A5-447D-A72F-88DD503FB1A1}.Debug|Any CPU.ActiveCfg = Debug|Any CPU
		{8C4844FA-A1A5-447D-A72F-88DD503FB1A1}.Debug|Any CPU.Build.0 = Debug|Any CPU
		{8C4844FA-A1A5-447D-A72F-88DD503FB1A1}.Release|Any CPU.ActiveCfg = Release|Any CPU
		{8C4844FA-A1A5-447D-A72F-88DD503FB1A1}.Release|Any CPU.Build.0 = Release|Any CPU
	EndGlobalSection
	GlobalSection(SolutionProperties) = preSolution
		HideSolutionNode = FALSE
	EndGlobalSection
	GlobalSection(ExtensibilityGlobals) = postSolution
		SolutionGuid = {313583CA-B2D4-4A13-BF94-0665D163F55E}
	EndGlobalSection
EndGlobal
